<?xml version="1.0" encoding="utf-8"?>
<Project ToolsVersion="4.0" xmlns="http://schemas.microsoft.com/developer/msbuild/2003">
  <ItemGroup>
    <Filter Include="Panels">
      <UniqueIdentifier>{b19366fb-a9d2-428e-8041-ab38abc39a3f}</UniqueIdentifier>
    </Filter>
    <Filter Include="Panels\Columns Playlist">
      <UniqueIdentifier>{b772bc74-9a73-4f13-9ff9-6a24d6106ce9}</UniqueIdentifier>
    </Filter>
    <Filter Include="Panels\NG Playlist">
      <UniqueIdentifier>{9bc42edf-9fd0-4976-b96f-a1ac4492b347}</UniqueIdentifier>
    </Filter>
    <Filter Include="Panels\Others">
      <UniqueIdentifier>{6047e99d-011a-442c-9c20-737a5d355212}</UniqueIdentifier>
    </Filter>
    <Filter Include="Panels\Playlist Switcher">
      <UniqueIdentifier>{ba824d61-8c79-4423-bc23-2cfd17687e30}</UniqueIdentifier>
    </Filter>
    <Filter Include="Panels\Artwork View">
      <UniqueIdentifier>{81de405a-a971-4435-b304-18a4c1f07323}</UniqueIdentifier>
    </Filter>
    <Filter Include="Panels\Filter">
      <UniqueIdentifier>{33b0a09e-ebaa-43a1-b0b1-e3b62e4445bb}</UniqueIdentifier>
    </Filter>
    <Filter Include="Panels\Item Details">
      <UniqueIdentifier>{f18011cc-68a9-440c-81f9-85faf63f5dd7}</UniqueIdentifier>
    </Filter>
    <Filter Include="Panels\Item Properties">
      <UniqueIdentifier>{6a4ff493-79a1-403b-85f4-a3fe79443c81}</UniqueIdentifier>
    </Filter>
    <Filter Include="Panels\Splitter">
      <UniqueIdentifier>{15e18c43-e86f-482d-99d3-18f58203437a}</UniqueIdentifier>
    </Filter>
    <Filter Include="Panels\Tab Stack">
      <UniqueIdentifier>{37f9b403-a74c-419c-83bd-1fafd52de8aa}</UniqueIdentifier>
    </Filter>
    <Filter Include="Resources">
      <UniqueIdentifier>{140994fe-32f1-4f18-ac3c-3c4d4ab5a4b6}</UniqueIdentifier>
    </Filter>
    <Filter Include="Main Window">
      <UniqueIdentifier>{3b726c1c-2add-4130-982c-8228977b103d}</UniqueIdentifier>
    </Filter>
    <Filter Include="Misc">
      <UniqueIdentifier>{ef783cbf-0b28-473a-bbb9-75673c710f34}</UniqueIdentifier>
    </Filter>
    <Filter Include="Toolbars">
      <UniqueIdentifier>{f6aa96cf-6e2e-4272-a19a-d9c63a27b902}</UniqueIdentifier>
    </Filter>
    <Filter Include="Prefs">
      <UniqueIdentifier>{2a5af301-f1df-434b-aa47-3252737e8232}</UniqueIdentifier>
    </Filter>
    <Filter Include="FCL">
      <UniqueIdentifier>{12e36933-63f3-4439-a991-67efc252a641}</UniqueIdentifier>
    </Filter>
    <Filter Include="Status Pane">
      <UniqueIdentifier>{43d0f8a5-91ad-4dcb-a00b-c6d125807f9d}</UniqueIdentifier>
    </Filter>
    <Filter Include="Helpers">
      <UniqueIdentifier>{3730da6a-bd0b-449b-b9f8-74362737a467}</UniqueIdentifier>
    </Filter>
    <Filter Include="Toolbars\Buttons">
      <UniqueIdentifier>{0e99f624-ba9c-408e-af00-35cd33250b5a}</UniqueIdentifier>
    </Filter>
  </ItemGroup>
  <ItemGroup>
    <ClCompile Include="..\foo_ui_columns\cache.cpp">
      <Filter>Panels\Columns Playlist</Filter>
    </ClCompile>
    <ClCompile Include="..\foo_ui_columns\columns_v2.cpp">
      <Filter>Panels\Columns Playlist</Filter>
    </ClCompile>
    <ClCompile Include="..\foo_ui_columns\playlist_view.cpp">
      <Filter>Panels\Columns Playlist</Filter>
    </ClCompile>
    <ClCompile Include="..\foo_ui_columns\playlist_view_cache.cpp">
      <Filter>Panels\Columns Playlist</Filter>
    </ClCompile>
    <ClCompile Include="..\foo_ui_columns\sort.cpp">
      <Filter>Panels\Columns Playlist</Filter>
    </ClCompile>
    <ClCompile Include="..\foo_ui_columns\NG Playlist\ng_playlist.cpp">
      <Filter>Panels\NG Playlist</Filter>
    </ClCompile>
    <ClCompile Include="..\foo_ui_columns\NG Playlist\ng_playlist_artwork.cpp">
      <Filter>Panels\NG Playlist</Filter>
    </ClCompile>
    <ClCompile Include="..\foo_ui_columns\NG Playlist\ng_playlist_callbacks.cpp">
      <Filter>Panels\NG Playlist</Filter>
    </ClCompile>
    <ClCompile Include="..\foo_ui_columns\NG Playlist\ng_playlist_clipboard.cpp">
      <Filter>Panels\NG Playlist</Filter>
    </ClCompile>
    <ClCompile Include="..\foo_ui_columns\NG Playlist\ng_playlist_config.cpp">
      <Filter>Panels\NG Playlist</Filter>
    </ClCompile>
    <ClCompile Include="..\foo_ui_columns\NG Playlist\ng_playlist_dropsource.cpp">
      <Filter>Panels\NG Playlist</Filter>
    </ClCompile>
    <ClCompile Include="..\foo_ui_columns\NG Playlist\ng_playlist_droptarget.cpp">
      <Filter>Panels\NG Playlist</Filter>
    </ClCompile>
    <ClCompile Include="..\foo_ui_columns\NG Playlist\ng_playlist_inline_edit.cpp">
      <Filter>Panels\NG Playlist</Filter>
    </ClCompile>
    <ClCompile Include="..\foo_ui_columns\NG Playlist\ng_playlist_renderer.cpp">
      <Filter>Panels\NG Playlist</Filter>
    </ClCompile>
    <ClCompile Include="..\foo_ui_columns\ng playlist\ng_playlist_style.cpp">
      <Filter>Panels\NG Playlist</Filter>
    </ClCompile>
    <ClCompile Include="..\foo_ui_columns\playlist_search.cpp">
      <Filter>Panels\Others</Filter>
    </ClCompile>
    <ClCompile Include="..\foo_ui_columns\playlist_manager_utils.cpp">
      <Filter>Panels\Playlist Switcher</Filter>
    </ClCompile>
    <ClCompile Include="..\foo_ui_columns\playlist_switcher.cpp">
      <Filter>Panels\Playlist Switcher</Filter>
    </ClCompile>
    <ClCompile Include="..\foo_ui_columns\playlist_switcher_callbacks.cpp">
      <Filter>Panels\Playlist Switcher</Filter>
    </ClCompile>
    <ClCompile Include="..\foo_ui_columns\playlist_switcher_drop_source.cpp">
      <Filter>Panels\Playlist Switcher</Filter>
    </ClCompile>
    <ClCompile Include="..\foo_ui_columns\playlist_switcher_drop_target.cpp">
      <Filter>Panels\Playlist Switcher</Filter>
    </ClCompile>
    <ClCompile Include="..\foo_ui_columns\playlist_switcher_inline_edit.cpp">
      <Filter>Panels\Playlist Switcher</Filter>
    </ClCompile>
    <ClCompile Include="..\foo_ui_columns\playlist_switcher_shortcut_menu.cpp">
      <Filter>Panels\Playlist Switcher</Filter>
    </ClCompile>
    <ClCompile Include="..\foo_ui_columns\playlist_switcher_v2.cpp">
      <Filter>Panels\Playlist Switcher</Filter>
    </ClCompile>
    <ClCompile Include="..\foo_ui_columns\playlist_tabs.cpp">
      <Filter>Panels\Playlist Switcher</Filter>
    </ClCompile>
    <ClCompile Include="..\foo_ui_columns\artwork.cpp">
      <Filter>Panels\Artwork View</Filter>
    </ClCompile>
    <ClCompile Include="..\foo_ui_columns\filter.cpp">
      <Filter>Panels\Filter</Filter>
    </ClCompile>
    <ClCompile Include="..\foo_ui_columns\item_details.cpp">
      <Filter>Panels\Item Details</Filter>
    </ClCompile>
    <ClCompile Include="..\foo_ui_columns\item_properties.cpp">
      <Filter>Panels\Item Properties</Filter>
    </ClCompile>
    <ClCompile Include="..\foo_ui_columns\splitter.cpp">
      <Filter>Panels\Splitter</Filter>
    </ClCompile>
    <ClCompile Include="..\foo_ui_columns\splitter_tabs.cpp">
      <Filter>Panels\Tab Stack</Filter>
    </ClCompile>
    <ClCompile Include="..\foo_ui_columns\foo_ui_columns.cpp">
      <Filter>Main Window</Filter>
    </ClCompile>
    <ClCompile Include="..\foo_ui_columns\layout.cpp">
      <Filter>Main Window</Filter>
    </ClCompile>
    <ClCompile Include="..\foo_ui_columns\rebar.cpp">
      <Filter>Main Window</Filter>
    </ClCompile>
    <ClCompile Include="..\foo_ui_columns\callbacks.cpp">
      <Filter>Misc</Filter>
    </ClCompile>
    <ClCompile Include="..\foo_ui_columns\callbacks_config.cpp">
      <Filter>Misc</Filter>
    </ClCompile>
    <ClCompile Include="..\foo_ui_columns\commandline.cpp">
      <Filter>Misc</Filter>
    </ClCompile>
    <ClCompile Include="..\foo_ui_columns\common.cpp">
      <Filter>Misc</Filter>
    </ClCompile>
    <ClCompile Include="..\foo_ui_columns\fcs.cpp">
      <Filter>Misc</Filter>
    </ClCompile>
    <ClCompile Include="..\foo_ui_columns\font_notify.cpp">
      <Filter>Misc</Filter>
    </ClCompile>
    <ClCompile Include="..\foo_ui_columns\menu_items.cpp">
      <Filter>Misc</Filter>
    </ClCompile>
    <ClCompile Include="..\foo_ui_columns\stdafx.cpp">
      <Filter>Misc</Filter>
    </ClCompile>
    <ClCompile Include="..\foo_ui_columns\utf8api.cpp">
      <Filter>Misc</Filter>
    </ClCompile>
    <ClCompile Include="..\foo_ui_columns\volume.cpp">
      <Filter>Misc</Filter>
    </ClCompile>
    <ClCompile Include="..\foo_ui_columns\menubar.cpp">
      <Filter>Toolbars</Filter>
    </ClCompile>
    <ClCompile Include="..\foo_ui_columns\order_dropdown.cpp">
      <Filter>Toolbars</Filter>
    </ClCompile>
    <ClCompile Include="..\foo_ui_columns\seekbar.cpp">
      <Filter>Toolbars</Filter>
    </ClCompile>
    <ClCompile Include="..\foo_ui_columns\vis_gen_host.cpp">
      <Filter>Toolbars</Filter>
    </ClCompile>
    <ClCompile Include="..\foo_ui_columns\vis_spectrum.cpp">
      <Filter>Toolbars</Filter>
    </ClCompile>
    <ClCompile Include="..\foo_ui_columns\config.cpp">
      <Filter>Prefs</Filter>
    </ClCompile>
    <ClCompile Include="..\foo_ui_columns\config_appearance.cpp">
      <Filter>Prefs</Filter>
    </ClCompile>
    <ClCompile Include="..\foo_ui_columns\config_artwork.cpp">
      <Filter>Prefs</Filter>
    </ClCompile>
    <ClCompile Include="..\foo_ui_columns\config_columns.cpp">
      <Filter>Prefs</Filter>
    </ClCompile>
    <ClCompile Include="..\foo_ui_columns\config_columns_v2.cpp">
      <Filter>Prefs</Filter>
    </ClCompile>
    <ClCompile Include="..\foo_ui_columns\config_filter.cpp">
      <Filter>Prefs</Filter>
    </ClCompile>
    <ClCompile Include="..\foo_ui_columns\config_layout.cpp">
      <Filter>Prefs</Filter>
    </ClCompile>
    <ClCompile Include="..\foo_ui_columns\config_vars.cpp">
      <Filter>Prefs</Filter>
    </ClCompile>
    <ClCompile Include="..\foo_ui_columns\fcl.cpp">
      <Filter>FCL</Filter>
    </ClCompile>
    <ClCompile Include="..\foo_ui_columns\fcl_colours.cpp">
      <Filter>FCL</Filter>
    </ClCompile>
    <ClCompile Include="..\foo_ui_columns\fcl_layout.cpp">
      <Filter>FCL</Filter>
    </ClCompile>
    <ClCompile Include="..\foo_ui_columns\fcl_titles.cpp">
      <Filter>FCL</Filter>
    </ClCompile>
    <ClCompile Include="..\foo_ui_columns\status_pane.cpp">
      <Filter>Status Pane</Filter>
    </ClCompile>
    <ClCompile Include="..\foo_ui_columns\status_pane_msgproc.cpp">
      <Filter>Status Pane</Filter>
    </ClCompile>
    <ClCompile Include="..\foo_ui_columns\helpers.cpp">
      <Filter>Helpers</Filter>
    </ClCompile>
    <ClCompile Include="..\foo_ui_columns\status_bar.cpp">
      <Filter>Misc</Filter>
    </ClCompile>
    <ClCompile Include="..\foo_ui_columns\get_msg_hook.cpp">
      <Filter>Main Window</Filter>
    </ClCompile>
    <ClCompile Include="..\foo_ui_columns\setup_dialog.cpp">
      <Filter>Main Window</Filter>
    </ClCompile>
    <ClCompile Include="..\foo_ui_columns\menu_helpers.cpp">
      <Filter>Helpers</Filter>
    </ClCompile>
    <ClCompile Include="..\foo_ui_columns\gdiplus.cpp">
      <Filter>Helpers</Filter>
    </ClCompile>
    <ClCompile Include="..\foo_ui_columns\buttons.cpp">
      <Filter>Toolbars\Buttons</Filter>
    </ClCompile>
    <ClCompile Include="..\foo_ui_columns\buttons_config_droptarget.cpp">
      <Filter>Toolbars\Buttons</Filter>
    </ClCompile>
    <ClCompile Include="..\foo_ui_columns\buttons_stock.cpp">
      <Filter>Toolbars\Buttons</Filter>
    </ClCompile>
    <ClCompile Include="..\foo_ui_columns\buttons_custom_image.cpp">
      <Filter>Toolbars\Buttons</Filter>
    </ClCompile>
    <ClCompile Include="..\foo_ui_columns\buttons_button.cpp">
      <Filter>Toolbars\Buttons</Filter>
    </ClCompile>
    <ClCompile Include="..\foo_ui_columns\buttons_button_image.cpp">
      <Filter>Toolbars\Buttons</Filter>
    </ClCompile>
    <ClCompile Include="..\foo_ui_columns\buttons_config_listview.cpp">
      <Filter>Toolbars\Buttons</Filter>
    </ClCompile>
    <ClCompile Include="..\foo_ui_columns\buttons_command_picker.cpp">
      <Filter>Toolbars\Buttons</Filter>
    </ClCompile>
    <ClCompile Include="..\foo_ui_columns\buttons_config_param.cpp">
      <Filter>Toolbars\Buttons</Filter>
    </ClCompile>
    <ClCompile Include="..\foo_ui_columns\filter_config_var.cpp">
      <Filter>Panels\Filter</Filter>
    </ClCompile>
    <ClCompile Include="..\foo_ui_columns\filter_inline_edit.cpp">
      <Filter>Panels\Filter</Filter>
    </ClCompile>
    <ClCompile Include="..\foo_ui_columns\filter_items.cpp">
      <Filter>Panels\Filter</Filter>
    </ClCompile>
    <ClCompile Include="..\foo_ui_columns\filter_menu.cpp">
      <Filter>Panels\Filter</Filter>
    </ClCompile>
    <ClCompile Include="..\foo_ui_columns\filter_render.cpp">
      <Filter>Panels\Filter</Filter>
    </ClCompile>
    <ClCompile Include="..\foo_ui_columns\filter_search_bar.cpp">
      <Filter>Panels\Filter</Filter>
    </ClCompile>
    <ClCompile Include="..\foo_ui_columns\filter_guids.cpp">
      <Filter>Panels\Filter</Filter>
    </ClCompile>
    <ClCompile Include="..\foo_ui_columns\playlist_view_dropsource.cpp">
      <Filter>Panels\Columns Playlist</Filter>
    </ClCompile>
    <ClCompile Include="..\foo_ui_columns\playlist_view_droptarget.cpp">
      <Filter>Panels\Columns Playlist</Filter>
    </ClCompile>
    <ClCompile Include="..\foo_ui_columns\playlist_view_draw.cpp">
      <Filter>Panels\Columns Playlist</Filter>
    </ClCompile>
    <ClCompile Include="..\foo_ui_columns\playlist_view_hittest.cpp">
      <Filter>Panels\Columns Playlist</Filter>
    </ClCompile>
    <ClCompile Include="..\foo_ui_columns\playlist_view_header.cpp">
      <Filter>Panels\Columns Playlist</Filter>
    </ClCompile>
    <ClCompile Include="..\foo_ui_columns\playlist_view_scroll.cpp">
      <Filter>Panels\Columns Playlist</Filter>
    </ClCompile>
    <ClCompile Include="..\foo_ui_columns\playlist_view_inline_edit.cpp">
      <Filter>Panels\Columns Playlist</Filter>
    </ClCompile>
    <ClCompile Include="..\foo_ui_columns\playlist_view_msgproc.cpp">
      <Filter>Panels\Columns Playlist</Filter>
    </ClCompile>
    <ClCompile Include="..\foo_ui_columns\playlist_view_msgwindow.cpp">
      <Filter>Panels\Columns Playlist</Filter>
    </ClCompile>
    <ClCompile Include="..\foo_ui_columns\playlist_view_day_timer.cpp">
      <Filter>Panels\Columns Playlist</Filter>
    </ClCompile>
    <ClCompile Include="..\foo_ui_columns\playlist_view_keyboard.cpp">
      <Filter>Panels\Columns Playlist</Filter>
    </ClCompile>
    <ClCompile Include="..\foo_ui_columns\playlist_view_sizing.cpp">
      <Filter>Panels\Columns Playlist</Filter>
    </ClCompile>
    <ClCompile Include="..\foo_ui_columns\playlist_view_tfhook.cpp">
      <Filter>Panels\Columns Playlist</Filter>
    </ClCompile>
    <ClCompile Include="..\foo_ui_columns\splitter_window.cpp">
      <Filter>Panels\Splitter</Filter>
    </ClCompile>
    <ClCompile Include="..\foo_ui_columns\splitter_panel_container.cpp">
      <Filter>Panels\Splitter</Filter>
    </ClCompile>
    <ClCompile Include="..\foo_ui_columns\splitter_panel.cpp">
      <Filter>Panels\Splitter</Filter>
    </ClCompile>
    <ClCompile Include="..\foo_ui_columns\item_details_config.cpp">
      <Filter>Panels\Item Details</Filter>
    </ClCompile>
    <ClCompile Include="..\foo_ui_columns\item_details_font.cpp">
      <Filter>Panels\Item Details</Filter>
    </ClCompile>
    <ClCompile Include="..\foo_ui_columns\item_details_text.cpp">
      <Filter>Panels\Item Details</Filter>
    </ClCompile>
  </ItemGroup>
  <ItemGroup>
    <ClInclude Include="..\foo_ui_columns\cache.h">
      <Filter>Panels\Columns Playlist</Filter>
    </ClInclude>
    <ClInclude Include="..\foo_ui_columns\columns_v2.h">
      <Filter>Panels\Columns Playlist</Filter>
    </ClInclude>
    <ClInclude Include="..\foo_ui_columns\playlist_view.h">
      <Filter>Panels\Columns Playlist</Filter>
    </ClInclude>
    <ClInclude Include="..\foo_ui_columns\sort.h">
      <Filter>Panels\Columns Playlist</Filter>
    </ClInclude>
    <ClInclude Include="..\foo_ui_columns\NG Playlist\ng_playlist.h">
      <Filter>Panels\NG Playlist</Filter>
    </ClInclude>
    <ClInclude Include="..\foo_ui_columns\NG Playlist\ng_playlist_groups.h">
      <Filter>Panels\NG Playlist</Filter>
    </ClInclude>
    <ClInclude Include="..\foo_ui_columns\ng playlist\ng_playlist_style.h">
      <Filter>Panels\NG Playlist</Filter>
    </ClInclude>
    <ClInclude Include="..\foo_ui_columns\playlist_search.h">
      <Filter>Panels\Others</Filter>
    </ClInclude>
    <ClInclude Include="..\foo_ui_columns\playlist_manager_utils.h">
      <Filter>Panels\Playlist Switcher</Filter>
    </ClInclude>
    <ClInclude Include="..\foo_ui_columns\playlist_switcher.h">
      <Filter>Panels\Playlist Switcher</Filter>
    </ClInclude>
    <ClInclude Include="..\foo_ui_columns\playlist_switcher_v2.h">
      <Filter>Panels\Playlist Switcher</Filter>
    </ClInclude>
    <ClInclude Include="..\foo_ui_columns\playlist_tabs.h">
      <Filter>Panels\Playlist Switcher</Filter>
    </ClInclude>
    <ClInclude Include="..\foo_ui_columns\artwork.h">
      <Filter>Panels\Artwork View</Filter>
    </ClInclude>
    <ClInclude Include="..\foo_ui_columns\filter.h">
      <Filter>Panels\Filter</Filter>
    </ClInclude>
    <ClInclude Include="..\foo_ui_columns\splitter.h">
      <Filter>Panels\Splitter</Filter>
    </ClInclude>
    <ClInclude Include="..\foo_ui_columns\splitter_tabs.h">
      <Filter>Panels\Tab Stack</Filter>
    </ClInclude>
    <ClInclude Include="..\foo_ui_columns\resource.h">
      <Filter>Resources</Filter>
    </ClInclude>
    <ClInclude Include="..\foo_ui_columns\foo_ui_columns.h">
      <Filter>Main Window</Filter>
    </ClInclude>
    <ClInclude Include="..\foo_ui_columns\layout.h">
      <Filter>Main Window</Filter>
    </ClInclude>
    <ClInclude Include="..\foo_ui_columns\rebar.h">
      <Filter>Main Window</Filter>
    </ClInclude>
    <ClInclude Include="..\foo_ui_columns\callback.h">
      <Filter>Misc</Filter>
    </ClInclude>
    <ClInclude Include="..\foo_ui_columns\common.h">
      <Filter>Misc</Filter>
    </ClInclude>
    <ClInclude Include="..\foo_ui_columns\extern.h">
      <Filter>Misc</Filter>
    </ClInclude>
    <ClInclude Include="..\foo_ui_columns\fcs.h">
      <Filter>Misc</Filter>
    </ClInclude>
    <ClInclude Include="..\foo_ui_columns\font_notify.h">
      <Filter>Misc</Filter>
    </ClInclude>
    <ClInclude Include="..\foo_ui_columns\menu_items.h">
      <Filter>Misc</Filter>
    </ClInclude>
    <ClInclude Include="..\foo_ui_columns\utf8api.h">
      <Filter>Misc</Filter>
    </ClInclude>
    <ClInclude Include="..\foo_ui_columns\volume.h">
      <Filter>Misc</Filter>
    </ClInclude>
    <ClInclude Include="..\foo_ui_columns\seekbar.h">
      <Filter>Toolbars</Filter>
    </ClInclude>
    <ClInclude Include="..\foo_ui_columns\vis_gen_host.h">
      <Filter>Toolbars</Filter>
    </ClInclude>
    <ClInclude Include="..\foo_ui_columns\config.h">
      <Filter>Prefs</Filter>
    </ClInclude>
    <ClInclude Include="..\foo_ui_columns\config_vars.h">
      <Filter>Prefs</Filter>
    </ClInclude>
    <ClInclude Include="..\foo_ui_columns\prefs.h">
      <Filter>Prefs</Filter>
    </ClInclude>
    <ClInclude Include="..\foo_ui_columns\fcl.h">
      <Filter>FCL</Filter>
    </ClInclude>
    <ClInclude Include="..\foo_ui_columns\status_pane.h">
      <Filter>Status Pane</Filter>
    </ClInclude>
    <ClInclude Include="..\foo_ui_columns\helpers.h">
      <Filter>Helpers</Filter>
    </ClInclude>
    <ClInclude Include="C:\Program Files\Microsoft SDKs\Windows\v7.0\Include\ntstatus.h" />
    <ClInclude Include="..\foo_ui_columns\status_bar.h">
      <Filter>Misc</Filter>
    </ClInclude>
    <ClInclude Include="..\foo_ui_columns\get_msg_hook.h">
      <Filter>Main Window</Filter>
    </ClInclude>
    <ClInclude Include="..\foo_ui_columns\setup_dialog.h">
      <Filter>Main Window</Filter>
    </ClInclude>
    <ClInclude Include="..\foo_ui_columns\menu_helpers.h">
      <Filter>Helpers</Filter>
    </ClInclude>
    <ClInclude Include="..\foo_ui_columns\gdiplus.h">
      <Filter>Helpers</Filter>
    </ClInclude>
    <ClInclude Include="..\foo_ui_columns\buttons.h">
      <Filter>Toolbars\Buttons</Filter>
    </ClInclude>
    <ClInclude Include="..\foo_ui_columns\item_details.h">
      <Filter>Panels\Item Details</Filter>
    </ClInclude>
  </ItemGroup>
  <ItemGroup>
    <None Include="..\foo_ui_columns\buttons2.bmp">
      <Filter>Resources</Filter>
    </None>
    <None Include="..\foo_ui_columns\emptycoverdark.png">
      <Filter>Resources</Filter>
    </None>
    <None Include="..\foo_ui_columns\icons\star\left.ico">
      <Filter>Resources</Filter>
    </None>
    <None Include="icons\star\left.ico">
      <Filter>Resources</Filter>
    </None>
    <None Include="..\foo_ui_columns\LOCK.ico">
      <Filter>Resources</Filter>
    </None>
    <None Include="..\foo_ui_columns\next.bmp">
      <Filter>Resources</Filter>
    </None>
    <None Include="..\foo_ui_columns\official_buttons_pack\next.bmp">
      <Filter>Resources</Filter>
    </None>
    <None Include="..\foo_ui_columns\next1.bmp">
      <Filter>Resources</Filter>
    </None>
    <None Include="icons\New Folder\square\next256.ico">
      <Filter>Resources</Filter>
    </None>
    <None Include="..\foo_ui_columns\icons\New Folder\square\next256.ico">
      <Filter>Resources</Filter>
    </None>
    <None Include="..\foo_ui_columns\icons\New Folder\square\next64.bmp">
      <Filter>Resources</Filter>
    </None>
    <None Include="icons\New Folder\square\next64.bmp">
      <Filter>Resources</Filter>
    </None>
    <None Include="..\foo_ui_columns\open.bmp">
      <Filter>Resources</Filter>
    </None>
    <None Include="..\foo_ui_columns\official_buttons_pack\open.bmp">
      <Filter>Resources</Filter>
    </None>
    <None Include="..\foo_ui_columns\icons\New Folder\square\open256.ico">
      <Filter>Resources</Filter>
    </None>
    <None Include="icons\New Folder\square\open256.ico">
      <Filter>Resources</Filter>
    </None>
    <None Include="icons\New Folder\square\open64.bmp">
      <Filter>Resources</Filter>
    </None>
    <None Include="..\foo_ui_columns\icons\New Folder\square\open64.bmp">
      <Filter>Resources</Filter>
    </None>
    <None Include="..\foo_ui_columns\official_buttons_pack\pause.bmp">
      <Filter>Resources</Filter>
    </None>
    <None Include="..\foo_ui_columns\pause.bmp">
      <Filter>Resources</Filter>
    </None>
    <None Include="..\foo_ui_columns\icons\New Folder\square\pause256.ico">
      <Filter>Resources</Filter>
    </None>
    <None Include="icons\New Folder\square\pause256.ico">
      <Filter>Resources</Filter>
    </None>
    <None Include="icons\New Folder\square\pause64.bmp">
      <Filter>Resources</Filter>
    </None>
    <None Include="..\foo_ui_columns\icons\New Folder\square\pause64.bmp">
      <Filter>Resources</Filter>
    </None>
    <None Include="..\foo_ui_columns\official_buttons_pack\play.bmp">
      <Filter>Resources</Filter>
    </None>
    <None Include="..\foo_ui_columns\play.bmp">
      <Filter>Resources</Filter>
    </None>
    <None Include="icons\New Folder\square\play256.ico">
      <Filter>Resources</Filter>
    </None>
    <None Include="..\foo_ui_columns\icons\New Folder\square\play256.ico">
      <Filter>Resources</Filter>
    </None>
    <None Include="..\foo_ui_columns\icons\New Folder\square\play64.bmp">
      <Filter>Resources</Filter>
    </None>
    <None Include="icons\New Folder\square\play64.bmp">
      <Filter>Resources</Filter>
    </None>
    <None Include="..\foo_ui_columns\official_buttons_pack\prev.bmp">
      <Filter>Resources</Filter>
    </None>
    <None Include="..\foo_ui_columns\prev.bmp">
      <Filter>Resources</Filter>
    </None>
    <None Include="..\foo_ui_columns\icons\New Folder\square\prev256.ico">
      <Filter>Resources</Filter>
    </None>
    <None Include="icons\New Folder\square\prev256.ico">
      <Filter>Resources</Filter>
    </None>
    <None Include="..\foo_ui_columns\icons\New Folder\square\prev64.bmp">
      <Filter>Resources</Filter>
    </None>
    <None Include="icons\New Folder\square\prev64.bmp">
      <Filter>Resources</Filter>
    </None>
    <None Include="..\foo_ui_columns\rand.bmp">
      <Filter>Resources</Filter>
    </None>
    <None Include="..\foo_ui_columns\official_buttons_pack\rand.bmp">
      <Filter>Resources</Filter>
    </None>
    <None Include="icons\New Folder\square\rand256.ico">
      <Filter>Resources</Filter>
    </None>
    <None Include="..\foo_ui_columns\icons\New Folder\square\rand256.ico">
      <Filter>Resources</Filter>
    </None>
    <None Include="..\foo_ui_columns\icons\New Folder\square\rand64.bmp">
      <Filter>Resources</Filter>
    </None>
    <None Include="icons\New Folder\square\rand64.bmp">
      <Filter>Resources</Filter>
    </None>
    <None Include="..\foo_ui_columns\icons\star\star off.ico">
      <Filter>Resources</Filter>
    </None>
    <None Include="icons\star\star off.ico">
      <Filter>Resources</Filter>
    </None>
    <None Include="icons\star\star on.ico">
      <Filter>Resources</Filter>
    </None>
    <None Include="..\foo_ui_columns\icons\star\star on.ico">
      <Filter>Resources</Filter>
    </None>
    <None Include="..\foo_ui_columns\official_buttons_pack\stop.bmp">
      <Filter>Resources</Filter>
    </None>
    <None Include="..\foo_ui_columns\stop1.bmp">
      <Filter>Resources</Filter>
    </None>
    <None Include="..\foo_ui_columns\icons\New Folder\square\stop256.ico">
      <Filter>Resources</Filter>
    </None>
    <None Include="icons\New Folder\square\stop256.ico">
      <Filter>Resources</Filter>
    </None>
    <None Include="icons\New Folder\square\stop64.bmp">
      <Filter>Resources</Filter>
    </None>
    <None Include="..\foo_ui_columns\icons\New Folder\square\stop64.bmp">
      <Filter>Resources</Filter>
    </None>
    <None Include="..\foo_ui_columns\up1.bmp">
      <Filter>Resources</Filter>
    </None>
    <None Include="..\foo_ui_columns\changelog.txt">
      <Filter>Misc</Filter>
    </None>
  </ItemGroup>
  <ItemGroup>
    <ResourceCompile Include="..\foo_ui_columns\foo_ui_columns.rc">
      <Filter>Resources</Filter>
    </ResourceCompile>
  </ItemGroup>
</Project>