<?xml version="1.0" encoding="utf-8"?>
<Project ToolsVersion="4.0" xmlns="http://schemas.microsoft.com/developer/msbuild/2003">
  <ItemGroup>
    <Filter Include="Source Files">
      <UniqueIdentifier>{f9bf58c4-374f-49a5-94db-1f5ae50beca1}</UniqueIdentifier>
      <Extensions>cpp;c;cxx;rc;def;r;odl;idl;hpj;bat</Extensions>
    </Filter>
    <Filter Include="Header Files">
      <UniqueIdentifier>{07b1c50a-a3ad-4711-9ae0-d1411b80fd7a}</UniqueIdentifier>
      <Extensions>h;hpp;hxx;hm;inl</Extensions>
    </Filter>
  </ItemGroup>
  <ItemGroup>
    <ClCompile Include="..\helpers\clipboard.cpp">
      <Filter>Source Files</Filter>
    </ClCompile>
    <ClCompile Include="..\helpers\create_directory_helper.cpp">
      <Filter>Source Files</Filter>
    </ClCompile>
    <ClCompile Include="..\helpers\cue_creator.cpp">
      <Filter>Source Files</Filter>
    </ClCompile>
    <ClCompile Include="..\helpers\cue_parser.cpp">
      <Filter>Source Files</Filter>
    </ClCompile>
    <ClCompile Include="..\helpers\cue_parser_embedding.cpp">
      <Filter>Source Files</Filter>
    </ClCompile>
    <ClCompile Include="..\helpers\cuesheet_index_list.cpp">
      <Filter>Source Files</Filter>
    </ClCompile>
    <ClCompile Include="..\helpers\dialog_resize_helper.cpp">
      <Filter>Source Files</Filter>
    </ClCompile>
    <ClCompile Include="..\helpers\dropdown_helper.cpp">
      <Filter>Source Files</Filter>
    </ClCompile>
    <ClCompile Include="..\helpers\dynamic_bitrate_helper.cpp">
      <Filter>Source Files</Filter>
    </ClCompile>
    <ClCompile Include="..\helpers\file_info_const_impl.cpp">
      <Filter>Source Files</Filter>
    </ClCompile>
    <ClCompile Include="..\helpers\file_list_helper.cpp">
      <Filter>Source Files</Filter>
    </ClCompile>
    <ClCompile Include="..\helpers\file_move_helper.cpp">
      <Filter>Source Files</Filter>
    </ClCompile>
    <ClCompile Include="..\helpers\filetimetools.cpp">
      <Filter>Source Files</Filter>
    </ClCompile>
    <ClCompile Include="..\helpers\IDataObjectUtils.cpp">
      <Filter>Source Files</Filter>
    </ClCompile>
    <ClCompile Include="..\helpers\input_helpers.cpp">
      <Filter>Source Files</Filter>
    </ClCompile>
    <ClCompile Include="..\helpers\listview_helper.cpp">
      <Filter>Source Files</Filter>
    </ClCompile>
    <ClCompile Include="..\helpers\metadb_io_hintlist.cpp">
      <Filter>Source Files</Filter>
    </ClCompile>
    <ClCompile Include="..\helpers\mp3_utils.cpp">
      <Filter>Source Files</Filter>
    </ClCompile>
    <ClCompile Include="..\helpers\seekabilizer.cpp">
      <Filter>Source Files</Filter>
    </ClCompile>
    <ClCompile Include="..\helpers\StdAfx.cpp">
      <Filter>Source Files</Filter>
    </ClCompile>
    <ClCompile Include="..\helpers\stream_buffer_helper.cpp">
      <Filter>Source Files</Filter>
    </ClCompile>
    <ClCompile Include="..\helpers\text_file_loader.cpp">
      <Filter>Source Files</Filter>
    </ClCompile>
    <ClCompile Include="..\helpers\VisUtils.cpp">
      <Filter>Source Files</Filter>
    </ClCompile>
    <ClCompile Include="..\helpers\win32_dialog.cpp">
      <Filter>Source Files</Filter>
    </ClCompile>
    <ClCompile Include="..\helpers\win32_misc.cpp">
      <Filter>Source Files</Filter>
    </ClCompile>
    <ClCompile Include="..\helpers\window_placement_helper.cpp">
      <Filter>Source Files</Filter>
    </ClCompile>
    <ClCompile Include="..\helpers\file_win32_wrapper.cpp">
      <Filter>Source Files</Filter>
    </ClCompile>
    <ClCompile Include="..\helpers\CPowerRequest.cpp">
      <Filter>Source Files</Filter>
    </ClCompile>
    <ClCompile Include="..\helpers\writer_wav.cpp">
      <Filter>Source Files</Filter>
    </ClCompile>
  </ItemGroup>
  <ItemGroup>
    <ClInclude Include="..\helpers\bitreader_helper.h">
      <Filter>Header Files</Filter>
    </ClInclude>
    <ClInclude Include="..\helpers\CallForwarder.h">
      <Filter>Header Files</Filter>
    </ClInclude>
    <ClInclude Include="..\helpers\cfg_guidlist.h">
      <Filter>Header Files</Filter>
    </ClInclude>
    <ClInclude Include="..\helpers\clipboard.h">
      <Filter>Header Files</Filter>
    </ClInclude>
    <ClInclude Include="..\helpers\COM_utils.h">
      <Filter>Header Files</Filter>
    </ClInclude>
    <ClInclude Include="..\helpers\create_directory_helper.h">
      <Filter>Header Files</Filter>
    </ClInclude>
    <ClInclude Include="..\helpers\cue_creator.h">
      <Filter>Header Files</Filter>
    </ClInclude>
    <ClInclude Include="..\helpers\cue_parser.h">
      <Filter>Header Files</Filter>
    </ClInclude>
    <ClInclude Include="..\helpers\cuesheet_index_list.h">
      <Filter>Header Files</Filter>
    </ClInclude>
    <ClInclude Include="..\helpers\dialog_resize_helper.h">
      <Filter>Header Files</Filter>
    </ClInclude>
    <ClInclude Include="..\helpers\dropdown_helper.h">
      <Filter>Header Files</Filter>
    </ClInclude>
    <ClInclude Include="..\helpers\dynamic_bitrate_helper.h">
      <Filter>Header Files</Filter>
    </ClInclude>
    <ClInclude Include="..\helpers\file_cached.h">
      <Filter>Header Files</Filter>
    </ClInclude>
    <ClInclude Include="..\helpers\file_info_const_impl.h">
      <Filter>Header Files</Filter>
    </ClInclude>
    <ClInclude Include="..\helpers\file_list_helper.h">
      <Filter>Header Files</Filter>
    </ClInclude>
    <ClInclude Include="..\helpers\file_move_helper.h">
      <Filter>Header Files</Filter>
    </ClInclude>
    <ClInclude Include="..\helpers\file_win32_wrapper.h">
      <Filter>Header Files</Filter>
    </ClInclude>
    <ClInclude Include="..\helpers\filetimetools.h">
      <Filter>Header Files</Filter>
    </ClInclude>
    <ClInclude Include="..\helpers\helpers.h">
      <Filter>Header Files</Filter>
    </ClInclude>
    <ClInclude Include="..\helpers\icon_remapping_wildcard.h">
      <Filter>Header Files</Filter>
    </ClInclude>
    <ClInclude Include="..\helpers\IDataObjectUtils.h">
      <Filter>Header Files</Filter>
    </ClInclude>
    <ClInclude Include="..\helpers\input_helpers.h">
      <Filter>Header Files</Filter>
    </ClInclude>
    <ClInclude Include="..\helpers\listview_helper.h">
      <Filter>Header Files</Filter>
    </ClInclude>
    <ClInclude Include="..\helpers\meta_table_builder.h">
      <Filter>Header Files</Filter>
    </ClInclude>
    <ClInclude Include="..\helpers\metadb_io_hintlist.h">
      <Filter>Header Files</Filter>
    </ClInclude>
    <ClInclude Include="..\helpers\mp3_utils.h">
      <Filter>Header Files</Filter>
    </ClInclude>
    <ClInclude Include="..\helpers\playlist_position_reference_tracker.h">
      <Filter>Header Files</Filter>
    </ClInclude>
    <ClInclude Include="..\helpers\ProfileCache.h">
      <Filter>Header Files</Filter>
    </ClInclude>
    <ClInclude Include="..\helpers\seekabilizer.h">
      <Filter>Header Files</Filter>
    </ClInclude>
    <ClInclude Include="..\helpers\StdAfx.h">
      <Filter>Header Files</Filter>
    </ClInclude>
    <ClInclude Include="..\helpers\stream_buffer_helper.h">
      <Filter>Header Files</Filter>
    </ClInclude>
    <ClInclude Include="..\helpers\string_filter.h">
      <Filter>Header Files</Filter>
    </ClInclude>
    <ClInclude Include="..\helpers\text_file_loader.h">
      <Filter>Header Files</Filter>
    </ClInclude>
    <ClInclude Include="..\helpers\ThreadUtils.h">
      <Filter>Header Files</Filter>
    </ClInclude>
    <ClInclude Include="..\helpers\VisUtils.h">
      <Filter>Header Files</Filter>
    </ClInclude>
    <ClInclude Include="..\helpers\win32_dialog.h">
      <Filter>Header Files</Filter>
    </ClInclude>
    <ClInclude Include="..\helpers\win32_misc.h">
      <Filter>Header Files</Filter>
    </ClInclude>
    <ClInclude Include="..\helpers\window_placement_helper.h">
      <Filter>Header Files</Filter>
    </ClInclude>
    <ClInclude Include="..\helpers\ProcessUtils.h">
      <Filter>Header Files</Filter>
    </ClInclude>
    <ClInclude Include="..\helpers\fullFileBuffer.h">
      <Filter>Header Files</Filter>
    </ClInclude>
    <ClInclude Include="..\helpers\CPowerRequest.h">
      <Filter>Header Files</Filter>
    </ClInclude>
    <ClInclude Include="..\helpers\fb2k_threads.h">
      <Filter>Header Files</Filter>
    </ClInclude>
    <ClInclude Include="..\helpers\writer_wav.h">
      <Filter>Header Files</Filter>
    </ClInclude>
  </ItemGroup>
</Project>