
Microsoft Visual Studio Solution File, Format Version 12.00
# Visual Studio 14
VisualStudioVersion = 14.0.24627.0
MinimumVisualStudioVersion = 10.0.40219.1
Project("{2150E333-8FDC-42A3-9474-1A3956D46DE8}") = "Components", "Components", "{5CE500DE-1CE0-4222-9433-DCE0A3364124}"
EndProject
Project("{2150E333-8FDC-42A3-9474-1A3956D46DE8}") = "foobar2000 SDK", "foobar2000 SDK", "{B9D1251F-E5BC-412F-950B-BE588408EA59}"
EndProject
Project("{2150E333-8FDC-42A3-9474-1A3956D46DE8}") = "Component SDKs", "Component SDKs", "{3A85ACE2-E7C5-4F1F-A253-9C60B8076BE8}"
EndProject
Project("{8BC9CEB8-8B4A-11D0-8D11-00A0C91BC942}") = "foobar2000_component_client", "..\foobar2000\foobar2000_component_client\foobar2000_component_client.vcxproj", "{71AD2674-065B-48F5-B8B0-E1F9D3892081}"
EndProject
Project("{8BC9CEB8-8B4A-11D0-8D11-00A0C91BC942}") = "foobar2000_sdk_helpers", "..\foobar2000\helpers\foobar2000_sdk_helpers.vcxproj", "{EE47764E-A202-4F85-A767-ABDAB4AFF35F}"
EndProject
Project("{8BC9CEB8-8B4A-11D0-8D11-00A0C91BC942}") = "foobar2000_SDK", "..\foobar2000\SDK\foobar2000_SDK.vcxproj", "{E8091321-D79D-4575-86EF-064EA1A4A20D}"
EndProject
Project("{8BC9CEB8-8B4A-11D0-8D11-00A0C91BC942}") = "pfc", "..\pfc\pfc.vcxproj", "{EBFFFB4E-261D-44D3-B89C-957B31A0BF9C}"
EndProject
Project("{8BC9CEB8-8B4A-11D0-8D11-00A0C91BC942}") = "foo_ui_columns", "..\foo_ui_columns\foo_ui_columns.vcxproj", "{743CBAAD-BE8E-430A-918B-2BB68008A616}"
	ProjectSection(ProjectDependencies) = postProject
		{93EC0EDE-01CD-4FB0-B8E8-4F2A027E026E} = {93EC0EDE-01CD-4FB0-B8E8-4F2A027E026E}
	EndProjectSection
EndProject
Project("{8BC9CEB8-8B4A-11D0-8D11-00A0C91BC942}") = "ui_helpers", "..\ui_helpers\ui_helpers.vcxproj", "{A8C4298D-00F5-46F7-91BA-F503FD581590}"
EndProject
Project("{8BC9CEB8-8B4A-11D0-8D11-00A0C91BC942}") = "columns_ui_sdk", "..\columns_ui-sdk\columns_ui-sdk.vcxproj", "{93EC0EDE-01CD-4FB0-B8E8-4F2A027E026E}"
EndProject
Project("{8BC9CEB8-8B4A-11D0-8D11-00A0C91BC942}") = "mmh", "..\mmh\mmh.vcxproj", "{C90A19C3-554D-4037-B4D3-BD12C1F1AD86}"
EndProject
Project("{2150E333-8FDC-42A3-9474-1A3956D46DE8}") = "Solution Items", "Solution Items", "{0FF158B9-F515-4DCF-B879-3D38EEC6DA2C}"
	ProjectSection(SolutionItems) = preProject
		..\.gitignore = ..\.gitignore
		..\.gitmodules = ..\.gitmodules
		..\COPYING = ..\COPYING
		..\COPYING.LESSER = ..\COPYING.LESSER
		..\COPYRIGHT = ..\COPYRIGHT
		..\README.md = ..\README.md
	EndProjectSection
EndProject
Global
	GlobalSection(SolutionConfigurationPlatforms) = preSolution
		Debug|Itanium = Debug|Itanium
		Debug|Win32 = Debug|Win32
		Debug|x64 = Debug|x64
		Release|Itanium = Release|Itanium
		Release|Win32 = Release|Win32
		Release|x64 = Release|x64
	EndGlobalSection
	GlobalSection(ProjectConfigurationPlatforms) = postSolution
		{71AD2674-065B-48F5-B8B0-E1F9D3892081}.Debug|Itanium.ActiveCfg = Debug|x64
		{71AD2674-065B-48F5-B8B0-E1F9D3892081}.Debug|Win32.ActiveCfg = Debug|Win32
		{71AD2674-065B-48F5-B8B0-E1F9D3892081}.Debug|Win32.Build.0 = Debug|Win32
		{71AD2674-065B-48F5-B8B0-E1F9D3892081}.Debug|x64.ActiveCfg = Debug|x64
		{71AD2674-065B-48F5-B8B0-E1F9D3892081}.Debug|x64.Build.0 = Debug|x64
		{71AD2674-065B-48F5-B8B0-E1F9D3892081}.Release|Itanium.ActiveCfg = Release|x64
		{71AD2674-065B-48F5-B8B0-E1F9D3892081}.Release|Win32.ActiveCfg = Release|Win32
		{71AD2674-065B-48F5-B8B0-E1F9D3892081}.Release|Win32.Build.0 = Release|Win32
		{71AD2674-065B-48F5-B8B0-E1F9D3892081}.Release|x64.ActiveCfg = Release|x64
		{71AD2674-065B-48F5-B8B0-E1F9D3892081}.Release|x64.Build.0 = Release|x64
		{EE47764E-A202-4F85-A767-ABDAB4AFF35F}.Debug|Itanium.ActiveCfg = Debug|x64
		{EE47764E-A202-4F85-A767-ABDAB4AFF35F}.Debug|Win32.ActiveCfg = Debug|Win32
		{EE47764E-A202-4F85-A767-ABDAB4AFF35F}.Debug|Win32.Build.0 = Debug|Win32
		{EE47764E-A202-4F85-A767-ABDAB4AFF35F}.Debug|x64.ActiveCfg = Debug|x64
		{EE47764E-A202-4F85-A767-ABDAB4AFF35F}.Debug|x64.Build.0 = Debug|x64
		{EE47764E-A202-4F85-A767-ABDAB4AFF35F}.Release|Itanium.ActiveCfg = Release|x64
		{EE47764E-A202-4F85-A767-ABDAB4AFF35F}.Release|Win32.ActiveCfg = Release|Win32
		{EE47764E-A202-4F85-A767-ABDAB4AFF35F}.Release|Win32.Build.0 = Release|Win32
		{EE47764E-A202-4F85-A767-ABDAB4AFF35F}.Release|x64.ActiveCfg = Release|x64
		{EE47764E-A202-4F85-A767-ABDAB4AFF35F}.Release|x64.Build.0 = Release|x64
		{E8091321-D79D-4575-86EF-064EA1A4A20D}.Debug|Itanium.ActiveCfg = Debug|x64
		{E8091321-D79D-4575-86EF-064EA1A4A20D}.Debug|Win32.ActiveCfg = Debug|Win32
		{E8091321-D79D-4575-86EF-064EA1A4A20D}.Debug|Win32.Build.0 = Debug|Win32
		{E8091321-D79D-4575-86EF-064EA1A4A20D}.Debug|x64.ActiveCfg = Debug|x64
		{E8091321-D79D-4575-86EF-064EA1A4A20D}.Debug|x64.Build.0 = Debug|x64
		{E8091321-D79D-4575-86EF-064EA1A4A20D}.Release|Itanium.ActiveCfg = Release|x64
		{E8091321-D79D-4575-86EF-064EA1A4A20D}.Release|Win32.ActiveCfg = Release|Win32
		{E8091321-D79D-4575-86EF-064EA1A4A20D}.Release|Win32.Build.0 = Release|Win32
		{E8091321-D79D-4575-86EF-064EA1A4A20D}.Release|x64.ActiveCfg = Release|x64
		{E8091321-D79D-4575-86EF-064EA1A4A20D}.Release|x64.Build.0 = Release|x64
		{EBFFFB4E-261D-44D3-B89C-957B31A0BF9C}.Debug|Itanium.ActiveCfg = Debug|x64
		{EBFFFB4E-261D-44D3-B89C-957B31A0BF9C}.Debug|Win32.ActiveCfg = Debug|Win32
		{EBFFFB4E-261D-44D3-B89C-957B31A0BF9C}.Debug|Win32.Build.0 = Debug|Win32
		{EBFFFB4E-261D-44D3-B89C-957B31A0BF9C}.Debug|x64.ActiveCfg = Debug|x64
		{EBFFFB4E-261D-44D3-B89C-957B31A0BF9C}.Debug|x64.Build.0 = Debug|x64
		{EBFFFB4E-261D-44D3-B89C-957B31A0BF9C}.Release|Itanium.ActiveCfg = Release|x64
		{EBFFFB4E-261D-44D3-B89C-957B31A0BF9C}.Release|Win32.ActiveCfg = Release|Win32
		{EBFFFB4E-261D-44D3-B89C-957B31A0BF9C}.Release|Win32.Build.0 = Release|Win32
		{EBFFFB4E-261D-44D3-B89C-957B31A0BF9C}.Release|x64.ActiveCfg = Release|x64
		{EBFFFB4E-261D-44D3-B89C-957B31A0BF9C}.Release|x64.Build.0 = Release|x64
		{743CBAAD-BE8E-430A-918B-2BB68008A616}.Debug|Itanium.ActiveCfg = Debug|Win32
		{743CBAAD-BE8E-430A-918B-2BB68008A616}.Debug|Win32.ActiveCfg = Debug|Win32
		{743CBAAD-BE8E-430A-918B-2BB68008A616}.Debug|Win32.Build.0 = Debug|Win32
		{743CBAAD-BE8E-430A-918B-2BB68008A616}.Debug|x64.ActiveCfg = Debug|Win32
		{743CBAAD-BE8E-430A-918B-2BB68008A616}.Release|Itanium.ActiveCfg = Release|Win32
		{743CBAAD-BE8E-430A-918B-2BB68008A616}.Release|Win32.ActiveCfg = Release|Win32
		{743CBAAD-BE8E-430A-918B-2BB68008A616}.Release|Win32.Build.0 = Release|Win32
		{743CBAAD-BE8E-430A-918B-2BB68008A616}.Release|x64.ActiveCfg = Release|Win32
		{BCB18C6E-6384-43B0-93EF-EF469AFAB822}.Debug|Itanium.ActiveCfg = Debug|Win32
		{BCB18C6E-6384-43B0-93EF-EF469AFAB822}.Debug|Win32.ActiveCfg = Debug|Win32
		{BCB18C6E-6384-43B0-93EF-EF469AFAB822}.Debug|Win32.Build.0 = Debug|Win32
		{BCB18C6E-6384-43B0-93EF-EF469AFAB822}.Debug|x64.ActiveCfg = Debug|Win32
		{BCB18C6E-6384-43B0-93EF-EF469AFAB822}.Release|Itanium.ActiveCfg = Release|Win32
		{BCB18C6E-6384-43B0-93EF-EF469AFAB822}.Release|Win32.ActiveCfg = Release|Win32
		{BCB18C6E-6384-43B0-93EF-EF469AFAB822}.Release|Win32.Build.0 = Release|Win32
		{BCB18C6E-6384-43B0-93EF-EF469AFAB822}.Release|x64.ActiveCfg = Release|Win32
		{A8C4298D-00F5-46F7-91BA-F503FD581590}.Debug|Itanium.ActiveCfg = Debug|Win32
		{A8C4298D-00F5-46F7-91BA-F503FD581590}.Debug|Win32.ActiveCfg = Debug|Win32
		{A8C4298D-00F5-46F7-91BA-F503FD581590}.Debug|Win32.Build.0 = Debug|Win32
		{A8C4298D-00F5-46F7-91BA-F503FD581590}.Debug|x64.ActiveCfg = Debug|Win32
		{A8C4298D-00F5-46F7-91BA-F503FD581590}.Release|Itanium.ActiveCfg = Release|Win32
		{A8C4298D-00F5-46F7-91BA-F503FD581590}.Release|Win32.ActiveCfg = Release|Win32
		{A8C4298D-00F5-46F7-91BA-F503FD581590}.Release|Win32.Build.0 = Release|Win32
		{A8C4298D-00F5-46F7-91BA-F503FD581590}.Release|x64.ActiveCfg = Release|Win32
		{93EC0EDE-01CD-4FB0-B8E8-4F2A027E026E}.Debug|Itanium.ActiveCfg = Debug|Win32
		{93EC0EDE-01CD-4FB0-B8E8-4F2A027E026E}.Debug|Win32.ActiveCfg = Debug|Win32
		{93EC0EDE-01CD-4FB0-B8E8-4F2A027E026E}.Debug|Win32.Build.0 = Debug|Win32
		{93EC0EDE-01CD-4FB0-B8E8-4F2A027E026E}.Debug|x64.ActiveCfg = Debug|Win32
		{93EC0EDE-01CD-4FB0-B8E8-4F2A027E026E}.Release|Itanium.ActiveCfg = Release|Win32
		{93EC0EDE-01CD-4FB0-B8E8-4F2A027E026E}.Release|Win32.ActiveCfg = Release|Win32
		{93EC0EDE-01CD-4FB0-B8E8-4F2A027E026E}.Release|Win32.Build.0 = Release|Win32
		{93EC0EDE-01CD-4FB0-B8E8-4F2A027E026E}.Release|x64.ActiveCfg = Release|Win32
		{8EA39BCB-E71E-4975-9623-CEC47CE42EC6}.Debug|Itanium.ActiveCfg = Debug|Win32
		{8EA39BCB-E71E-4975-9623-CEC47CE42EC6}.Debug|Win32.ActiveCfg = Debug|Win32
		{8EA39BCB-E71E-4975-9623-CEC47CE42EC6}.Debug|Win32.Build.0 = Debug|Win32
		{8EA39BCB-E71E-4975-9623-CEC47CE42EC6}.Debug|x64.ActiveCfg = Debug|Win32
		{8EA39BCB-E71E-4975-9623-CEC47CE42EC6}.Release|Itanium.ActiveCfg = Release|Win32
		{8EA39BCB-E71E-4975-9623-CEC47CE42EC6}.Release|Win32.ActiveCfg = Release|Win32
		{8EA39BCB-E71E-4975-9623-CEC47CE42EC6}.Release|Win32.Build.0 = Release|Win32
		{8EA39BCB-E71E-4975-9623-CEC47CE42EC6}.Release|x64.ActiveCfg = Release|Win32
		{C90A19C3-554D-4037-B4D3-BD12C1F1AD86}.Debug|Itanium.ActiveCfg = Debug|Win32
		{C90A19C3-554D-4037-B4D3-BD12C1F1AD86}.Debug|Win32.ActiveCfg = Debug|Win32
		{C90A19C3-554D-4037-B4D3-BD12C1F1AD86}.Debug|Win32.Build.0 = Debug|Win32
		{C90A19C3-554D-4037-B4D3-BD12C1F1AD86}.Debug|x64.ActiveCfg = Debug|Win32
		{C90A19C3-554D-4037-B4D3-BD12C1F1AD86}.Release|Itanium.ActiveCfg = Release|Win32
		{C90A19C3-554D-4037-B4D3-BD12C1F1AD86}.Release|Win32.ActiveCfg = Release|Win32
		{C90A19C3-554D-4037-B4D3-BD12C1F1AD86}.Release|Win32.Build.0 = Release|Win32
		{C90A19C3-554D-4037-B4D3-BD12C1F1AD86}.Release|x64.ActiveCfg = Release|Win32
		{D3C63842-0EB3-4BBD-BB20-2AFCC98D0152}.Debug|Itanium.ActiveCfg = Debug|Win32
		{D3C63842-0EB3-4BBD-BB20-2AFCC98D0152}.Debug|Win32.ActiveCfg = Debug|Win32
		{D3C63842-0EB3-4BBD-BB20-2AFCC98D0152}.Debug|Win32.Build.0 = Debug|Win32
		{D3C63842-0EB3-4BBD-BB20-2AFCC98D0152}.Debug|x64.ActiveCfg = Debug|Win32
		{D3C63842-0EB3-4BBD-BB20-2AFCC98D0152}.Release|Itanium.ActiveCfg = Release|Win32
		{D3C63842-0EB3-4BBD-BB20-2AFCC98D0152}.Release|Win32.ActiveCfg = Release|Win32
		{D3C63842-0EB3-4BBD-BB20-2AFCC98D0152}.Release|Win32.Build.0 = Release|Win32
		{D3C63842-0EB3-4BBD-BB20-2AFCC98D0152}.Release|x64.ActiveCfg = Release|Win32
		{622E8B19-8109-4717-BD4D-9657AA78363E}.Debug|Itanium.ActiveCfg = Debug|Win32
		{622E8B19-8109-4717-BD4D-9657AA78363E}.Debug|Win32.ActiveCfg = Debug|Win32
		{622E8B19-8109-4717-BD4D-9657AA78363E}.Debug|Win32.Build.0 = Debug|Win32
		{622E8B19-8109-4717-BD4D-9657AA78363E}.Debug|x64.ActiveCfg = Debug|x64
		{622E8B19-8109-4717-BD4D-9657AA78363E}.Debug|x64.Build.0 = Debug|x64
		{622E8B19-8109-4717-BD4D-9657AA78363E}.Release|Itanium.ActiveCfg = Release|Win32
		{622E8B19-8109-4717-BD4D-9657AA78363E}.Release|Win32.ActiveCfg = Release|Win32
		{622E8B19-8109-4717-BD4D-9657AA78363E}.Release|Win32.Build.0 = Release|Win32
		{622E8B19-8109-4717-BD4D-9657AA78363E}.Release|x64.ActiveCfg = Release|x64
		{622E8B19-8109-4717-BD4D-9657AA78363E}.Release|x64.Build.0 = Release|x64
	EndGlobalSection
	GlobalSection(SolutionProperties) = preSolution
		HideSolutionNode = FALSE
	EndGlobalSection
	GlobalSection(NestedProjects) = preSolution
		{71AD2674-065B-48F5-B8B0-E1F9D3892081} = {B9D1251F-E5BC-412F-950B-BE588408EA59}
		{EE47764E-A202-4F85-A767-ABDAB4AFF35F} = {B9D1251F-E5BC-412F-950B-BE588408EA59}
		{E8091321-D79D-4575-86EF-064EA1A4A20D} = {B9D1251F-E5BC-412F-950B-BE588408EA59}
		{EBFFFB4E-261D-44D3-B89C-957B31A0BF9C} = {B9D1251F-E5BC-412F-950B-BE588408EA59}
		{743CBAAD-BE8E-430A-918B-2BB68008A616} = {5CE500DE-1CE0-4222-9433-DCE0A3364124}
		{BCB18C6E-6384-43B0-93EF-EF469AFAB822} = {5CE500DE-1CE0-4222-9433-DCE0A3364124}
		{93EC0EDE-01CD-4FB0-B8E8-4F2A027E026E} = {3A85ACE2-E7C5-4F1F-A253-9C60B8076BE8}
		{8EA39BCB-E71E-4975-9623-CEC47CE42EC6} = {5CE500DE-1CE0-4222-9433-DCE0A3364124}
		{D3C63842-0EB3-4BBD-BB20-2AFCC98D0152} = {5CE500DE-1CE0-4222-9433-DCE0A3364124}
		{622E8B19-8109-4717-BD4D-9657AA78363E} = {B9D1251F-E5BC-412F-950B-BE588408EA59}
	EndGlobalSection
EndGlobal
